
Microsoft Visual Studio Solution File, Format Version 12.00
# Visual Studio Version 17
VisualStudioVersion = 17.0.31903.59
MinimumVisualStudioVersion = 10.0.40219.1
Project("{2150E333-8FDC-42A3-9474-1A3956D46DE8}") = "src", "src", "{827E0CD3-B72D-47B6-A68D-7590B98EB39B}"
EndProject
Project("{2150E333-8FDC-42A3-9474-1A3956D46DE8}") = "Orders", "Orders", "{45BE73D8-A922-BF65-E93E-EB66F4095ABC}"
EndProject
Project("{FAE04EC0-301F-11D3-BF4B-00C04F79EFBC}") = "Orders.Api", "src\Orders\Orders.Api\Orders.Api.csproj", "{199D1284-726B-46DC-A1A4-986827B2CE37}"
EndProject
Project("{FAE04EC0-301F-11D3-BF4B-00C04F79EFBC}") = "Orders.Application", "src\Orders\Orders.Application\Orders.Application.csproj", "{1D521407-55DE-4944-9045-6637556E1E1C}"
EndProject
Project("{FAE04EC0-301F-11D3-BF4B-00C04F79EFBC}") = "Orders.Domain", "src\Orders\Orders.Domain\Orders.Domain.csproj", "{A3D0E6FB-6CA6-45B1-83CE-6658B82A88E2}"
EndProject
Project("{FAE04EC0-301F-11D3-BF4B-00C04F79EFBC}") = "Orders.Infrastructure", "src\Orders\Orders.Infrastructure\Orders.Infrastructure.csproj", "{8629D67A-B268-41E8-B0AF-F5AC725A9E4D}"
EndProject
Project("{2150E333-8FDC-42A3-9474-1A3956D46DE8}") = "ProductCatalog", "ProductCatalog", "{8C00CF8A-5475-2720-0E85-F1CBBE5E1F0B}"
EndProject
Project("{FAE04EC0-301F-11D3-BF4B-00C04F79EFBC}") = "ProductCatalog.Api", "src\ProductCatalog\ProductCatalog.Api\ProductCatalog.Api.csproj", "{0A4DB59A-15C2-49C2-BCBC-448F74586309}"
EndProject
Project("{FAE04EC0-301F-11D3-BF4B-00C04F79EFBC}") = "ProductCatalog.Application", "src\ProductCatalog\ProductCatalog.Application\ProductCatalog.Application.csproj", "{5708302E-E540-4E61-A865-60C29EEE426F}"
EndProject
Project("{FAE04EC0-301F-11D3-BF4B-00C04F79EFBC}") = "ProductCatalog.Domain", "src\ProductCatalog\ProductCatalog.Domain\ProductCatalog.Domain.csproj", "{69007888-EEF1-4941-AE77-8C9ADF0D59B4}"
EndProject
Project("{FAE04EC0-301F-11D3-BF4B-00C04F79EFBC}") = "ProductCatalog.Infrastructure", "src\ProductCatalog\ProductCatalog.Infrastructure\ProductCatalog.Infrastructure.csproj", "{F1AD0A64-7757-42C1-8E5A-2285700C785F}"
EndProject
Project("{2150E333-8FDC-42A3-9474-1A3956D46DE8}") = "Tests", "Tests", "{0AB3BF05-4346-4AA6-1389-037BE0695223}"
EndProject
Project("{2150E333-8FDC-42A3-9474-1A3956D46DE8}") = "ProductCatalog", "ProductCatalog", "{1F298FE1-453C-F6BF-5340-2BE62CA6E8BD}"
EndProject
Project("{FAE04EC0-301F-11D3-BF4B-00C04F79EFBC}") = "ProductCatalog.UnitTests", "tests\ProductCatalog\UnitTests\ProductCatalog.UnitTests.csproj", "{2F76BED9-ED72-498D-8368-63018E4F044A}"
EndProject
Project("{FAE04EC0-301F-11D3-BF4B-00C04F79EFBC}") = "ProductCatalog.IntegrationTests", "tests\ProductCatalog\IntegrationTests\ProductCatalog.IntegrationTests.csproj", "{AB9C73CE-FFA0-4945-9D03-83327E451C03}"
EndProject
Project("{2150E333-8FDC-42A3-9474-1A3956D46DE8}") = "Orders", "Orders", "{CCF77327-2098-4710-7D10-3B6C852488EC}"
EndProject
Project("{FAE04EC0-301F-11D3-BF4B-00C04F79EFBC}") = "Orders.UnitTests", "tests\Orders\UnitTests\Orders.UnitTests.csproj", "{15350F81-E5C1-4EFE-B06D-AC5A86968972}"
EndProject
Project("{FAE04EC0-301F-11D3-BF4B-00C04F79EFBC}") = "Orders.IntegrationTests", "tests\Orders\IntegrationTests\Orders.IntegrationTests.csproj", "{99037967-0D23-407C-AD07-58AA768488EB}"
EndProject
Project("{2150E333-8FDC-42A3-9474-1A3956D46DE8}") = "Solution Items", "Solution Items", "{8EC462FD-D22E-90A8-E5CE-7E832BA40C5D}"
	ProjectSection(SolutionItems) = preProject
		.gitignore = .gitignore
	EndProjectSection
EndProject
Project("{2150E333-8FDC-42A3-9474-1A3956D46DE8}") = "Auth", "Auth", "{E134C235-D229-4C0D-6747-D71D21D31FBE}"
EndProject
Project("{FAE04EC0-301F-11D3-BF4B-00C04F79EFBC}") = "Auth.Api", "src\Auth\Auth.Api\Auth.Api.csproj", "{0D55CBC7-CC25-4F99-ACB1-C181141AA026}"
EndProject
Global
	GlobalSection(SolutionConfigurationPlatforms) = preSolution
		Debug|Any CPU = Debug|Any CPU
		Debug|x64 = Debug|x64
		Debug|x86 = Debug|x86
		Release|Any CPU = Release|Any CPU
		Release|x64 = Release|x64
		Release|x86 = Release|x86
	EndGlobalSection
	GlobalSection(ProjectConfigurationPlatforms) = postSolution
		{199D1284-726B-46DC-A1A4-986827B2CE37}.Debug|Any CPU.ActiveCfg = Debug|Any CPU
		{199D1284-726B-46DC-A1A4-986827B2CE37}.Debug|Any CPU.Build.0 = Debug|Any CPU
		{199D1284-726B-46DC-A1A4-986827B2CE37}.Debug|x64.ActiveCfg = Debug|Any CPU
		{199D1284-726B-46DC-A1A4-986827B2CE37}.Debug|x64.Build.0 = Debug|Any CPU
		{199D1284-726B-46DC-A1A4-986827B2CE37}.Debug|x86.ActiveCfg = Debug|Any CPU
		{199D1284-726B-46DC-A1A4-986827B2CE37}.Debug|x86.Build.0 = Debug|Any CPU
		{199D1284-726B-46DC-A1A4-986827B2CE37}.Release|Any CPU.ActiveCfg = Release|Any CPU
		{199D1284-726B-46DC-A1A4-986827B2CE37}.Release|Any CPU.Build.0 = Release|Any CPU
		{199D1284-726B-46DC-A1A4-986827B2CE37}.Release|x64.ActiveCfg = Release|Any CPU
		{199D1284-726B-46DC-A1A4-986827B2CE37}.Release|x64.Build.0 = Release|Any CPU
		{199D1284-726B-46DC-A1A4-986827B2CE37}.Release|x86.ActiveCfg = Release|Any CPU
		{199D1284-726B-46DC-A1A4-986827B2CE37}.Release|x86.Build.0 = Release|Any CPU
		{1D521407-55DE-4944-9045-6637556E1E1C}.Debug|Any CPU.ActiveCfg = Debug|Any CPU
		{1D521407-55DE-4944-9045-6637556E1E1C}.Debug|Any CPU.Build.0 = Debug|Any CPU
		{1D521407-55DE-4944-9045-6637556E1E1C}.Debug|x64.ActiveCfg = Debug|Any CPU
		{1D521407-55DE-4944-9045-6637556E1E1C}.Debug|x64.Build.0 = Debug|Any CPU
		{1D521407-55DE-4944-9045-6637556E1E1C}.Debug|x86.ActiveCfg = Debug|Any CPU
		{1D521407-55DE-4944-9045-6637556E1E1C}.Debug|x86.Build.0 = Debug|Any CPU
		{1D521407-55DE-4944-9045-6637556E1E1C}.Release|Any CPU.ActiveCfg = Release|Any CPU
		{1D521407-55DE-4944-9045-6637556E1E1C}.Release|Any CPU.Build.0 = Release|Any CPU
		{1D521407-55DE-4944-9045-6637556E1E1C}.Release|x64.ActiveCfg = Release|Any CPU
		{1D521407-55DE-4944-9045-6637556E1E1C}.Release|x64.Build.0 = Release|Any CPU
		{1D521407-55DE-4944-9045-6637556E1E1C}.Release|x86.ActiveCfg = Release|Any CPU
		{1D521407-55DE-4944-9045-6637556E1E1C}.Release|x86.Build.0 = Release|Any CPU
		{A3D0E6FB-6CA6-45B1-83CE-6658B82A88E2}.Debug|Any CPU.ActiveCfg = Debug|Any CPU
		{A3D0E6FB-6CA6-45B1-83CE-6658B82A88E2}.Debug|Any CPU.Build.0 = Debug|Any CPU
		{A3D0E6FB-6CA6-45B1-83CE-6658B82A88E2}.Debug|x64.ActiveCfg = Debug|Any CPU
		{A3D0E6FB-6CA6-45B1-83CE-6658B82A88E2}.Debug|x64.Build.0 = Debug|Any CPU
		{A3D0E6FB-6CA6-45B1-83CE-6658B82A88E2}.Debug|x86.ActiveCfg = Debug|Any CPU
		{A3D0E6FB-6CA6-45B1-83CE-6658B82A88E2}.Debug|x86.Build.0 = Debug|Any CPU
		{A3D0E6FB-6CA6-45B1-83CE-6658B82A88E2}.Release|Any CPU.ActiveCfg = Release|Any CPU
		{A3D0E6FB-6CA6-45B1-83CE-6658B82A88E2}.Release|Any CPU.Build.0 = Release|Any CPU
		{A3D0E6FB-6CA6-45B1-83CE-6658B82A88E2}.Release|x64.ActiveCfg = Release|Any CPU
		{A3D0E6FB-6CA6-45B1-83CE-6658B82A88E2}.Release|x64.Build.0 = Release|Any CPU
		{A3D0E6FB-6CA6-45B1-83CE-6658B82A88E2}.Release|x86.ActiveCfg = Release|Any CPU
		{A3D0E6FB-6CA6-45B1-83CE-6658B82A88E2}.Release|x86.Build.0 = Release|Any CPU
		{8629D67A-B268-41E8-B0AF-F5AC725A9E4D}.Debug|Any CPU.ActiveCfg = Debug|Any CPU
		{8629D67A-B268-41E8-B0AF-F5AC725A9E4D}.Debug|Any CPU.Build.0 = Debug|Any CPU
		{8629D67A-B268-41E8-B0AF-F5AC725A9E4D}.Debug|x64.ActiveCfg = Debug|Any CPU
		{8629D67A-B268-41E8-B0AF-F5AC725A9E4D}.Debug|x64.Build.0 = Debug|Any CPU
		{8629D67A-B268-41E8-B0AF-F5AC725A9E4D}.Debug|x86.ActiveCfg = Debug|Any CPU
		{8629D67A-B268-41E8-B0AF-F5AC725A9E4D}.Debug|x86.Build.0 = Debug|Any CPU
		{8629D67A-B268-41E8-B0AF-F5AC725A9E4D}.Release|Any CPU.ActiveCfg = Release|Any CPU
		{8629D67A-B268-41E8-B0AF-F5AC725A9E4D}.Release|Any CPU.Build.0 = Release|Any CPU
		{8629D67A-B268-41E8-B0AF-F5AC725A9E4D}.Release|x64.ActiveCfg = Release|Any CPU
		{8629D67A-B268-41E8-B0AF-F5AC725A9E4D}.Release|x64.Build.0 = Release|Any CPU
		{8629D67A-B268-41E8-B0AF-F5AC725A9E4D}.Release|x86.ActiveCfg = Release|Any CPU
		{8629D67A-B268-41E8-B0AF-F5AC725A9E4D}.Release|x86.Build.0 = Release|Any CPU
		{0A4DB59A-15C2-49C2-BCBC-448F74586309}.Debug|Any CPU.ActiveCfg = Debug|Any CPU
		{0A4DB59A-15C2-49C2-BCBC-448F74586309}.Debug|Any CPU.Build.0 = Debug|Any CPU
		{0A4DB59A-15C2-49C2-BCBC-448F74586309}.Debug|x64.ActiveCfg = Debug|Any CPU
		{0A4DB59A-15C2-49C2-BCBC-448F74586309}.Debug|x64.Build.0 = Debug|Any CPU
		{0A4DB59A-15C2-49C2-BCBC-448F74586309}.Debug|x86.ActiveCfg = Debug|Any CPU
		{0A4DB59A-15C2-49C2-BCBC-448F74586309}.Debug|x86.Build.0 = Debug|Any CPU
		{0A4DB59A-15C2-49C2-BCBC-448F74586309}.Release|Any CPU.ActiveCfg = Release|Any CPU
		{0A4DB59A-15C2-49C2-BCBC-448F74586309}.Release|Any CPU.Build.0 = Release|Any CPU
		{0A4DB59A-15C2-49C2-BCBC-448F74586309}.Release|x64.ActiveCfg = Release|Any CPU
		{0A4DB59A-15C2-49C2-BCBC-448F74586309}.Release|x64.Build.0 = Release|Any CPU
		{0A4DB59A-15C2-49C2-BCBC-448F74586309}.Release|x86.ActiveCfg = Release|Any CPU
		{0A4DB59A-15C2-49C2-BCBC-448F74586309}.Release|x86.Build.0 = Release|Any CPU
		{5708302E-E540-4E61-A865-60C29EEE426F}.Debug|Any CPU.ActiveCfg = Debug|Any CPU
		{5708302E-E540-4E61-A865-60C29EEE426F}.Debug|Any CPU.Build.0 = Debug|Any CPU
		{5708302E-E540-4E61-A865-60C29EEE426F}.Debug|x64.ActiveCfg = Debug|Any CPU
		{5708302E-E540-4E61-A865-60C29EEE426F}.Debug|x64.Build.0 = Debug|Any CPU
		{5708302E-E540-4E61-A865-60C29EEE426F}.Debug|x86.ActiveCfg = Debug|Any CPU
		{5708302E-E540-4E61-A865-60C29EEE426F}.Debug|x86.Build.0 = Debug|Any CPU
		{5708302E-E540-4E61-A865-60C29EEE426F}.Release|Any CPU.ActiveCfg = Release|Any CPU
		{5708302E-E540-4E61-A865-60C29EEE426F}.Release|Any CPU.Build.0 = Release|Any CPU
		{5708302E-E540-4E61-A865-60C29EEE426F}.Release|x64.ActiveCfg = Release|Any CPU
		{5708302E-E540-4E61-A865-60C29EEE426F}.Release|x64.Build.0 = Release|Any CPU
		{5708302E-E540-4E61-A865-60C29EEE426F}.Release|x86.ActiveCfg = Release|Any CPU
		{5708302E-E540-4E61-A865-60C29EEE426F}.Release|x86.Build.0 = Release|Any CPU
		{69007888-EEF1-4941-AE77-8C9ADF0D59B4}.Debug|Any CPU.ActiveCfg = Debug|Any CPU
		{69007888-EEF1-4941-AE77-8C9ADF0D59B4}.Debug|Any CPU.Build.0 = Debug|Any CPU
		{69007888-EEF1-4941-AE77-8C9ADF0D59B4}.Debug|x64.ActiveCfg = Debug|Any CPU
		{69007888-EEF1-4941-AE77-8C9ADF0D59B4}.Debug|x64.Build.0 = Debug|Any CPU
		{69007888-EEF1-4941-AE77-8C9ADF0D59B4}.Debug|x86.ActiveCfg = Debug|Any CPU
		{69007888-EEF1-4941-AE77-8C9ADF0D59B4}.Debug|x86.Build.0 = Debug|Any CPU
		{69007888-EEF1-4941-AE77-8C9ADF0D59B4}.Release|Any CPU.ActiveCfg = Release|Any CPU
		{69007888-EEF1-4941-AE77-8C9ADF0D59B4}.Release|Any CPU.Build.0 = Release|Any CPU
		{69007888-EEF1-4941-AE77-8C9ADF0D59B4}.Release|x64.ActiveCfg = Release|Any CPU
		{69007888-EEF1-4941-AE77-8C9ADF0D59B4}.Release|x64.Build.0 = Release|Any CPU
		{69007888-EEF1-4941-AE77-8C9ADF0D59B4}.Release|x86.ActiveCfg = Release|Any CPU
		{69007888-EEF1-4941-AE77-8C9ADF0D59B4}.Release|x86.Build.0 = Release|Any CPU
		{F1AD0A64-7757-42C1-8E5A-2285700C785F}.Debug|Any CPU.ActiveCfg = Debug|Any CPU
		{F1AD0A64-7757-42C1-8E5A-2285700C785F}.Debug|Any CPU.Build.0 = Debug|Any CPU
		{F1AD0A64-7757-42C1-8E5A-2285700C785F}.Debug|x64.ActiveCfg = Debug|Any CPU
		{F1AD0A64-7757-42C1-8E5A-2285700C785F}.Debug|x64.Build.0 = Debug|Any CPU
		{F1AD0A64-7757-42C1-8E5A-2285700C785F}.Debug|x86.ActiveCfg = Debug|Any CPU
		{F1AD0A64-7757-42C1-8E5A-2285700C785F}.Debug|x86.Build.0 = Debug|Any CPU
		{F1AD0A64-7757-42C1-8E5A-2285700C785F}.Release|Any CPU.ActiveCfg = Release|Any CPU
		{F1AD0A64-7757-42C1-8E5A-2285700C785F}.Release|Any CPU.Build.0 = Release|Any CPU
		{F1AD0A64-7757-42C1-8E5A-2285700C785F}.Release|x64.ActiveCfg = Release|Any CPU
		{F1AD0A64-7757-42C1-8E5A-2285700C785F}.Release|x64.Build.0 = Release|Any CPU
		{F1AD0A64-7757-42C1-8E5A-2285700C785F}.Release|x86.ActiveCfg = Release|Any CPU
		{F1AD0A64-7757-42C1-8E5A-2285700C785F}.Release|x86.Build.0 = Release|Any CPU
		{2F76BED9-ED72-498D-8368-63018E4F044A}.Debug|Any CPU.ActiveCfg = Debug|Any CPU
		{2F76BED9-ED72-498D-8368-63018E4F044A}.Debug|Any CPU.Build.0 = Debug|Any CPU
		{2F76BED9-ED72-498D-8368-63018E4F044A}.Debug|x64.ActiveCfg = Debug|Any CPU
		{2F76BED9-ED72-498D-8368-63018E4F044A}.Debug|x64.Build.0 = Debug|Any CPU
		{2F76BED9-ED72-498D-8368-63018E4F044A}.Debug|x86.ActiveCfg = Debug|Any CPU
		{2F76BED9-ED72-498D-8368-63018E4F044A}.Debug|x86.Build.0 = Debug|Any CPU
		{2F76BED9-ED72-498D-8368-63018E4F044A}.Release|Any CPU.ActiveCfg = Release|Any CPU
		{2F76BED9-ED72-498D-8368-63018E4F044A}.Release|Any CPU.Build.0 = Release|Any CPU
		{2F76BED9-ED72-498D-8368-63018E4F044A}.Release|x64.ActiveCfg = Release|Any CPU
		{2F76BED9-ED72-498D-8368-63018E4F044A}.Release|x64.Build.0 = Release|Any CPU
		{2F76BED9-ED72-498D-8368-63018E4F044A}.Release|x86.ActiveCfg = Release|Any CPU
		{2F76BED9-ED72-498D-8368-63018E4F044A}.Release|x86.Build.0 = Release|Any CPU
		{AB9C73CE-FFA0-4945-9D03-83327E451C03}.Debug|Any CPU.ActiveCfg = Debug|Any CPU
		{AB9C73CE-FFA0-4945-9D03-83327E451C03}.Debug|Any CPU.Build.0 = Debug|Any CPU
		{AB9C73CE-FFA0-4945-9D03-83327E451C03}.Debug|x64.ActiveCfg = Debug|Any CPU
		{AB9C73CE-FFA0-4945-9D03-83327E451C03}.Debug|x64.Build.0 = Debug|Any CPU
		{AB9C73CE-FFA0-4945-9D03-83327E451C03}.Debug|x86.ActiveCfg = Debug|Any CPU
		{AB9C73CE-FFA0-4945-9D03-83327E451C03}.Debug|x86.Build.0 = Debug|Any CPU
		{AB9C73CE-FFA0-4945-9D03-83327E451C03}.Release|Any CPU.ActiveCfg = Release|Any CPU
		{AB9C73CE-FFA0-4945-9D03-83327E451C03}.Release|Any CPU.Build.0 = Release|Any CPU
		{AB9C73CE-FFA0-4945-9D03-83327E451C03}.Release|x64.ActiveCfg = Release|Any CPU
		{AB9C73CE-FFA0-4945-9D03-83327E451C03}.Release|x64.Build.0 = Release|Any CPU
		{AB9C73CE-FFA0-4945-9D03-83327E451C03}.Release|x86.ActiveCfg = Release|Any CPU
		{AB9C73CE-FFA0-4945-9D03-83327E451C03}.Release|x86.Build.0 = Release|Any CPU
		{15350F81-E5C1-4EFE-B06D-AC5A86968972}.Debug|Any CPU.ActiveCfg = Debug|Any CPU
		{15350F81-E5C1-4EFE-B06D-AC5A86968972}.Debug|Any CPU.Build.0 = Debug|Any CPU
		{15350F81-E5C1-4EFE-B06D-AC5A86968972}.Debug|x64.ActiveCfg = Debug|Any CPU
		{15350F81-E5C1-4EFE-B06D-AC5A86968972}.Debug|x64.Build.0 = Debug|Any CPU
		{15350F81-E5C1-4EFE-B06D-AC5A86968972}.Debug|x86.ActiveCfg = Debug|Any CPU
		{15350F81-E5C1-4EFE-B06D-AC5A86968972}.Debug|x86.Build.0 = Debug|Any CPU
		{15350F81-E5C1-4EFE-B06D-AC5A86968972}.Release|Any CPU.ActiveCfg = Release|Any CPU
		{15350F81-E5C1-4EFE-B06D-AC5A86968972}.Release|Any CPU.Build.0 = Release|Any CPU
		{15350F81-E5C1-4EFE-B06D-AC5A86968972}.Release|x64.ActiveCfg = Release|Any CPU
		{15350F81-E5C1-4EFE-B06D-AC5A86968972}.Release|x64.Build.0 = Release|Any CPU
		{15350F81-E5C1-4EFE-B06D-AC5A86968972}.Release|x86.ActiveCfg = Release|Any CPU
		{15350F81-E5C1-4EFE-B06D-AC5A86968972}.Release|x86.Build.0 = Release|Any CPU
		{99037967-0D23-407C-AD07-58AA768488EB}.Debug|Any CPU.ActiveCfg = Debug|Any CPU
		{99037967-0D23-407C-AD07-58AA768488EB}.Debug|Any CPU.Build.0 = Debug|Any CPU
		{99037967-0D23-407C-AD07-58AA768488EB}.Debug|x64.ActiveCfg = Debug|Any CPU
		{99037967-0D23-407C-AD07-58AA768488EB}.Debug|x64.Build.0 = Debug|Any CPU
		{99037967-0D23-407C-AD07-58AA768488EB}.Debug|x86.ActiveCfg = Debug|Any CPU
		{99037967-0D23-407C-AD07-58AA768488EB}.Debug|x86.Build.0 = Debug|Any CPU
		{99037967-0D23-407C-AD07-58AA768488EB}.Release|Any CPU.ActiveCfg = Release|Any CPU
		{99037967-0D23-407C-AD07-58AA768488EB}.Release|Any CPU.Build.0 = Release|Any CPU
		{99037967-0D23-407C-AD07-58AA768488EB}.Release|x64.ActiveCfg = Release|Any CPU
		{99037967-0D23-407C-AD07-58AA768488EB}.Release|x64.Build.0 = Release|Any CPU
		{99037967-0D23-407C-AD07-58AA768488EB}.Release|x86.ActiveCfg = Release|Any CPU
		{99037967-0D23-407C-AD07-58AA768488EB}.Release|x86.Build.0 = Release|Any CPU
		{0D55CBC7-CC25-4F99-ACB1-C181141AA026}.Debug|Any CPU.ActiveCfg = Debug|Any CPU
		{0D55CBC7-CC25-4F99-ACB1-C181141AA026}.Debug|Any CPU.Build.0 = Debug|Any CPU
		{0D55CBC7-CC25-4F99-ACB1-C181141AA026}.Debug|x64.ActiveCfg = Debug|Any CPU
		{0D55CBC7-CC25-4F99-ACB1-C181141AA026}.Debug|x64.Build.0 = Debug|Any CPU
		{0D55CBC7-CC25-4F99-ACB1-C181141AA026}.Debug|x86.ActiveCfg = Debug|Any CPU
		{0D55CBC7-CC25-4F99-ACB1-C181141AA026}.Debug|x86.Build.0 = Debug|Any CPU
		{0D55CBC7-CC25-4F99-ACB1-C181141AA026}.Release|Any CPU.ActiveCfg = Release|Any CPU
		{0D55CBC7-CC25-4F99-ACB1-C181141AA026}.Release|Any CPU.Build.0 = Release|Any CPU
		{0D55CBC7-CC25-4F99-ACB1-C181141AA026}.Release|x64.ActiveCfg = Release|Any CPU
		{0D55CBC7-CC25-4F99-ACB1-C181141AA026}.Release|x64.Build.0 = Release|Any CPU
		{0D55CBC7-CC25-4F99-ACB1-C181141AA026}.Release|x86.ActiveCfg = Release|Any CPU
		{0D55CBC7-CC25-4F99-ACB1-C181141AA026}.Release|x86.Build.0 = Release|Any CPU
	EndGlobalSection
	GlobalSection(SolutionProperties) = preSolution
		HideSolutionNode = FALSE
	EndGlobalSection
	GlobalSection(NestedProjects) = preSolution
		{45BE73D8-A922-BF65-E93E-EB66F4095ABC} = {827E0CD3-B72D-47B6-A68D-7590B98EB39B}
		{199D1284-726B-46DC-A1A4-986827B2CE37} = {45BE73D8-A922-BF65-E93E-EB66F4095ABC}
		{1D521407-55DE-4944-9045-6637556E1E1C} = {45BE73D8-A922-BF65-E93E-EB66F4095ABC}
		{A3D0E6FB-6CA6-45B1-83CE-6658B82A88E2} = {45BE73D8-A922-BF65-E93E-EB66F4095ABC}
		{8629D67A-B268-41E8-B0AF-F5AC725A9E4D} = {45BE73D8-A922-BF65-E93E-EB66F4095ABC}
		{8C00CF8A-5475-2720-0E85-F1CBBE5E1F0B} = {827E0CD3-B72D-47B6-A68D-7590B98EB39B}
		{0A4DB59A-15C2-49C2-BCBC-448F74586309} = {8C00CF8A-5475-2720-0E85-F1CBBE5E1F0B}
		{5708302E-E540-4E61-A865-60C29EEE426F} = {8C00CF8A-5475-2720-0E85-F1CBBE5E1F0B}
		{69007888-EEF1-4941-AE77-8C9ADF0D59B4} = {8C00CF8A-5475-2720-0E85-F1CBBE5E1F0B}
		{F1AD0A64-7757-42C1-8E5A-2285700C785F} = {8C00CF8A-5475-2720-0E85-F1CBBE5E1F0B}
		{1F298FE1-453C-F6BF-5340-2BE62CA6E8BD} = {0AB3BF05-4346-4AA6-1389-037BE0695223}
		{2F76BED9-ED72-498D-8368-63018E4F044A} = {1F298FE1-453C-F6BF-5340-2BE62CA6E8BD}
		{AB9C73CE-FFA0-4945-9D03-83327E451C03} = {1F298FE1-453C-F6BF-5340-2BE62CA6E8BD}
		{CCF77327-2098-4710-7D10-3B6C852488EC} = {0AB3BF05-4346-4AA6-1389-037BE0695223}
		{15350F81-E5C1-4EFE-B06D-AC5A86968972} = {CCF77327-2098-4710-7D10-3B6C852488EC}
		{99037967-0D23-407C-AD07-58AA768488EB} = {CCF77327-2098-4710-7D10-3B6C852488EC}
		{E134C235-D229-4C0D-6747-D71D21D31FBE} = {827E0CD3-B72D-47B6-A68D-7590B98EB39B}
		{0D55CBC7-CC25-4F99-ACB1-C181141AA026} = {E134C235-D229-4C0D-6747-D71D21D31FBE}
	EndGlobalSection
EndGlobal
