
Microsoft Visual Studio Solution File, Format Version 12.00
# Visual Studio Version 17
VisualStudioVersion = 17.0.31903.59
MinimumVisualStudioVersion = 10.0.40219.1
Project("{2150E333-8FDC-42A3-9474-1A3956D46DE8}") = "src", "src", "{827E0CD3-B72D-47B6-A68D-7590B98EB39B}"
EndProject
Project("{2150E333-8FDC-42A3-9474-1A3956D46DE8}") = "ProductCatalog", "ProductCatalog", "{8C00CF8A-5475-2720-0E85-F1CBBE5E1F0B}"
EndProject
Project("{FAE04EC0-301F-11D3-BF4B-00C04F79EFBC}") = "ProductCatalog.Api", "src\ProductCatalog\ProductCatalog.Api\ProductCatalog.Api.csproj", "{0A4DB59A-15C2-49C2-BCBC-448F74586309}"
EndProject
Project("{2150E333-8FDC-42A3-9474-1A3956D46DE8}") = "Tests", "Tests", "{0AB3BF05-4346-4AA6-1389-037BE0695223}"
EndProject
Project("{2150E333-8FDC-42A3-9474-1A3956D46DE8}") = "ProductCatalog", "ProductCatalog", "{1F298FE1-453C-F6BF-5340-2BE62CA6E8BD}"
EndProject
Project("{FAE04EC0-301F-11D3-BF4B-00C04F79EFBC}") = "ProductCatalog.UnitTests", "tests\ProductCatalog\UnitTests\ProductCatalog.UnitTests.csproj", "{2F76BED9-ED72-498D-8368-63018E4F044A}"
EndProject
Project("{FAE04EC0-301F-11D3-BF4B-00C04F79EFBC}") = "ProductCatalog.IntegrationTests", "tests\ProductCatalog\IntegrationTests\ProductCatalog.IntegrationTests.csproj", "{AB9C73CE-FFA0-4945-9D03-83327E451C03}"
EndProject
Project("{2150E333-8FDC-42A3-9474-1A3956D46DE8}") = "Orders", "Orders", "{CCF77327-2098-4710-7D10-3B6C852488EC}"
EndProject
Project("{FAE04EC0-301F-11D3-BF4B-00C04F79EFBC}") = "Orders.UnitTests", "tests\Orders\UnitTests\Orders.UnitTests.csproj", "{15350F81-E5C1-4EFE-B06D-AC5A86968972}"
EndProject
Project("{FAE04EC0-301F-11D3-BF4B-00C04F79EFBC}") = "Orders.IntegrationTests", "tests\Orders\IntegrationTests\Orders.IntegrationTests.csproj", "{99037967-0D23-407C-AD07-58AA768488EB}"
EndProject
Project("{2150E333-8FDC-42A3-9474-1A3956D46DE8}") = "Solution Items", "Solution Items", "{8EC462FD-D22E-90A8-E5CE-7E832BA40C5D}"
	ProjectSection(SolutionItems) = preProject
		.gitignore = .gitignore
	EndProjectSection
EndProject
Project("{2150E333-8FDC-42A3-9474-1A3956D46DE8}") = "Auth", "Auth", "{E134C235-D229-4C0D-6747-D71D21D31FBE}"
EndProject
Project("{FAE04EC0-301F-11D3-BF4B-00C04F79EFBC}") = "Auth.Api", "src\Auth\Auth.Api\Auth.Api.csproj", "{0D55CBC7-CC25-4F99-ACB1-C181141AA026}"
EndProject
Project("{2150E333-8FDC-42A3-9474-1A3956D46DE8}") = "Orders", "Orders", "{45BE73D8-A922-BF65-E93E-EB66F4095ABC}"
EndProject
Project("{FAE04EC0-301F-11D3-BF4B-00C04F79EFBC}") = "Orders.Api", "src\Orders\Orders.Api\Orders.Api.csproj", "{483A44C0-B554-4B82-B26A-7BFE9F1A8A17}"
EndProject
Global
	GlobalSection(SolutionConfigurationPlatforms) = preSolution
		Debug|Any CPU = Debug|Any CPU
		Debug|x64 = Debug|x64
		Debug|x86 = Debug|x86
		Release|Any CPU = Release|Any CPU
		Release|x64 = Release|x64
		Release|x86 = Release|x86
	EndGlobalSection
	GlobalSection(ProjectConfigurationPlatforms) = postSolution
		{0A4DB59A-15C2-49C2-BCBC-448F74586309}.Debug|Any CPU.ActiveCfg = Debug|Any CPU
		{0A4DB59A-15C2-49C2-BCBC-448F74586309}.Debug|Any CPU.Build.0 = Debug|Any CPU
		{0A4DB59A-15C2-49C2-BCBC-448F74586309}.Debug|x64.ActiveCfg = Debug|Any CPU
		{0A4DB59A-15C2-49C2-BCBC-448F74586309}.Debug|x64.Build.0 = Debug|Any CPU
		{0A4DB59A-15C2-49C2-BCBC-448F74586309}.Debug|x86.ActiveCfg = Debug|Any CPU
		{0A4DB59A-15C2-49C2-BCBC-448F74586309}.Debug|x86.Build.0 = Debug|Any CPU
		{0A4DB59A-15C2-49C2-BCBC-448F74586309}.Release|Any CPU.ActiveCfg = Release|Any CPU
		{0A4DB59A-15C2-49C2-BCBC-448F74586309}.Release|Any CPU.Build.0 = Release|Any CPU
		{0A4DB59A-15C2-49C2-BCBC-448F74586309}.Release|x64.ActiveCfg = Release|Any CPU
		{0A4DB59A-15C2-49C2-BCBC-448F74586309}.Release|x64.Build.0 = Release|Any CPU
		{0A4DB59A-15C2-49C2-BCBC-448F74586309}.Release|x86.ActiveCfg = Release|Any CPU
		{0A4DB59A-15C2-49C2-BCBC-448F74586309}.Release|x86.Build.0 = Release|Any CPU
		{2F76BED9-ED72-498D-8368-63018E4F044A}.Debug|Any CPU.ActiveCfg = Debug|Any CPU
		{2F76BED9-ED72-498D-8368-63018E4F044A}.Debug|Any CPU.Build.0 = Debug|Any CPU
		{2F76BED9-ED72-498D-8368-63018E4F044A}.Debug|x64.ActiveCfg = Debug|Any CPU
		{2F76BED9-ED72-498D-8368-63018E4F044A}.Debug|x64.Build.0 = Debug|Any CPU
		{2F76BED9-ED72-498D-8368-63018E4F044A}.Debug|x86.ActiveCfg = Debug|Any CPU
		{2F76BED9-ED72-498D-8368-63018E4F044A}.Debug|x86.Build.0 = Debug|Any CPU
		{2F76BED9-ED72-498D-8368-63018E4F044A}.Release|Any CPU.ActiveCfg = Release|Any CPU
		{2F76BED9-ED72-498D-8368-63018E4F044A}.Release|Any CPU.Build.0 = Release|Any CPU
		{2F76BED9-ED72-498D-8368-63018E4F044A}.Release|x64.ActiveCfg = Release|Any CPU
		{2F76BED9-ED72-498D-8368-63018E4F044A}.Release|x64.Build.0 = Release|Any CPU
		{2F76BED9-ED72-498D-8368-63018E4F044A}.Release|x86.ActiveCfg = Release|Any CPU
		{2F76BED9-ED72-498D-8368-63018E4F044A}.Release|x86.Build.0 = Release|Any CPU
		{AB9C73CE-FFA0-4945-9D03-83327E451C03}.Debug|Any CPU.ActiveCfg = Debug|Any CPU
		{AB9C73CE-FFA0-4945-9D03-83327E451C03}.Debug|Any CPU.Build.0 = Debug|Any CPU
		{AB9C73CE-FFA0-4945-9D03-83327E451C03}.Debug|x64.ActiveCfg = Debug|Any CPU
		{AB9C73CE-FFA0-4945-9D03-83327E451C03}.Debug|x64.Build.0 = Debug|Any CPU
		{AB9C73CE-FFA0-4945-9D03-83327E451C03}.Debug|x86.ActiveCfg = Debug|Any CPU
		{AB9C73CE-FFA0-4945-9D03-83327E451C03}.Debug|x86.Build.0 = Debug|Any CPU
		{AB9C73CE-FFA0-4945-9D03-83327E451C03}.Release|Any CPU.ActiveCfg = Release|Any CPU
		{AB9C73CE-FFA0-4945-9D03-83327E451C03}.Release|Any CPU.Build.0 = Release|Any CPU
		{AB9C73CE-FFA0-4945-9D03-83327E451C03}.Release|x64.ActiveCfg = Release|Any CPU
		{AB9C73CE-FFA0-4945-9D03-83327E451C03}.Release|x64.Build.0 = Release|Any CPU
		{AB9C73CE-FFA0-4945-9D03-83327E451C03}.Release|x86.ActiveCfg = Release|Any CPU
		{AB9C73CE-FFA0-4945-9D03-83327E451C03}.Release|x86.Build.0 = Release|Any CPU
		{15350F81-E5C1-4EFE-B06D-AC5A86968972}.Debug|Any CPU.ActiveCfg = Debug|Any CPU
		{15350F81-E5C1-4EFE-B06D-AC5A86968972}.Debug|Any CPU.Build.0 = Debug|Any CPU
		{15350F81-E5C1-4EFE-B06D-AC5A86968972}.Debug|x64.ActiveCfg = Debug|Any CPU
		{15350F81-E5C1-4EFE-B06D-AC5A86968972}.Debug|x64.Build.0 = Debug|Any CPU
		{15350F81-E5C1-4EFE-B06D-AC5A86968972}.Debug|x86.ActiveCfg = Debug|Any CPU
		{15350F81-E5C1-4EFE-B06D-AC5A86968972}.Debug|x86.Build.0 = Debug|Any CPU
		{15350F81-E5C1-4EFE-B06D-AC5A86968972}.Release|Any CPU.ActiveCfg = Release|Any CPU
		{15350F81-E5C1-4EFE-B06D-AC5A86968972}.Release|Any CPU.Build.0 = Release|Any CPU
		{15350F81-E5C1-4EFE-B06D-AC5A86968972}.Release|x64.ActiveCfg = Release|Any CPU
		{15350F81-E5C1-4EFE-B06D-AC5A86968972}.Release|x64.Build.0 = Release|Any CPU
		{15350F81-E5C1-4EFE-B06D-AC5A86968972}.Release|x86.ActiveCfg = Release|Any CPU
		{15350F81-E5C1-4EFE-B06D-AC5A86968972}.Release|x86.Build.0 = Release|Any CPU
		{99037967-0D23-407C-AD07-58AA768488EB}.Debug|Any CPU.ActiveCfg = Debug|Any CPU
		{99037967-0D23-407C-AD07-58AA768488EB}.Debug|Any CPU.Build.0 = Debug|Any CPU
		{99037967-0D23-407C-AD07-58AA768488EB}.Debug|x64.ActiveCfg = Debug|Any CPU
		{99037967-0D23-407C-AD07-58AA768488EB}.Debug|x64.Build.0 = Debug|Any CPU
		{99037967-0D23-407C-AD07-58AA768488EB}.Debug|x86.ActiveCfg = Debug|Any CPU
		{99037967-0D23-407C-AD07-58AA768488EB}.Debug|x86.Build.0 = Debug|Any CPU
		{99037967-0D23-407C-AD07-58AA768488EB}.Release|Any CPU.ActiveCfg = Release|Any CPU
		{99037967-0D23-407C-AD07-58AA768488EB}.Release|Any CPU.Build.0 = Release|Any CPU
		{99037967-0D23-407C-AD07-58AA768488EB}.Release|x64.ActiveCfg = Release|Any CPU
		{99037967-0D23-407C-AD07-58AA768488EB}.Release|x64.Build.0 = Release|Any CPU
		{99037967-0D23-407C-AD07-58AA768488EB}.Release|x86.ActiveCfg = Release|Any CPU
		{99037967-0D23-407C-AD07-58AA768488EB}.Release|x86.Build.0 = Release|Any CPU
		{0D55CBC7-CC25-4F99-ACB1-C181141AA026}.Debug|Any CPU.ActiveCfg = Debug|Any CPU
		{0D55CBC7-CC25-4F99-ACB1-C181141AA026}.Debug|Any CPU.Build.0 = Debug|Any CPU
		{0D55CBC7-CC25-4F99-ACB1-C181141AA026}.Debug|x64.ActiveCfg = Debug|Any CPU
		{0D55CBC7-CC25-4F99-ACB1-C181141AA026}.Debug|x64.Build.0 = Debug|Any CPU
		{0D55CBC7-CC25-4F99-ACB1-C181141AA026}.Debug|x86.ActiveCfg = Debug|Any CPU
		{0D55CBC7-CC25-4F99-ACB1-C181141AA026}.Debug|x86.Build.0 = Debug|Any CPU
		{0D55CBC7-CC25-4F99-ACB1-C181141AA026}.Release|Any CPU.ActiveCfg = Release|Any CPU
		{0D55CBC7-CC25-4F99-ACB1-C181141AA026}.Release|Any CPU.Build.0 = Release|Any CPU
		{0D55CBC7-CC25-4F99-ACB1-C181141AA026}.Release|x64.ActiveCfg = Release|Any CPU
		{0D55CBC7-CC25-4F99-ACB1-C181141AA026}.Release|x64.Build.0 = Release|Any CPU
		{0D55CBC7-CC25-4F99-ACB1-C181141AA026}.Release|x86.ActiveCfg = Release|Any CPU
		{0D55CBC7-CC25-4F99-ACB1-C181141AA026}.Release|x86.Build.0 = Release|Any CPU
		{483A44C0-B554-4B82-B26A-7BFE9F1A8A17}.Debug|Any CPU.ActiveCfg = Debug|Any CPU
		{483A44C0-B554-4B82-B26A-7BFE9F1A8A17}.Debug|Any CPU.Build.0 = Debug|Any CPU
		{483A44C0-B554-4B82-B26A-7BFE9F1A8A17}.Debug|x64.ActiveCfg = Debug|Any CPU
		{483A44C0-B554-4B82-B26A-7BFE9F1A8A17}.Debug|x64.Build.0 = Debug|Any CPU
		{483A44C0-B554-4B82-B26A-7BFE9F1A8A17}.Debug|x86.ActiveCfg = Debug|Any CPU
		{483A44C0-B554-4B82-B26A-7BFE9F1A8A17}.Debug|x86.Build.0 = Debug|Any CPU
		{483A44C0-B554-4B82-B26A-7BFE9F1A8A17}.Release|Any CPU.ActiveCfg = Release|Any CPU
		{483A44C0-B554-4B82-B26A-7BFE9F1A8A17}.Release|Any CPU.Build.0 = Release|Any CPU
		{483A44C0-B554-4B82-B26A-7BFE9F1A8A17}.Release|x64.ActiveCfg = Release|Any CPU
		{483A44C0-B554-4B82-B26A-7BFE9F1A8A17}.Release|x64.Build.0 = Release|Any CPU
		{483A44C0-B554-4B82-B26A-7BFE9F1A8A17}.Release|x86.ActiveCfg = Release|Any CPU
		{483A44C0-B554-4B82-B26A-7BFE9F1A8A17}.Release|x86.Build.0 = Release|Any CPU
	EndGlobalSection
	GlobalSection(SolutionProperties) = preSolution
		HideSolutionNode = FALSE
	EndGlobalSection
	GlobalSection(NestedProjects) = preSolution
		{8C00CF8A-5475-2720-0E85-F1CBBE5E1F0B} = {827E0CD3-B72D-47B6-A68D-7590B98EB39B}
		{0A4DB59A-15C2-49C2-BCBC-448F74586309} = {8C00CF8A-5475-2720-0E85-F1CBBE5E1F0B}
		{1F298FE1-453C-F6BF-5340-2BE62CA6E8BD} = {0AB3BF05-4346-4AA6-1389-037BE0695223}
		{2F76BED9-ED72-498D-8368-63018E4F044A} = {1F298FE1-453C-F6BF-5340-2BE62CA6E8BD}
		{AB9C73CE-FFA0-4945-9D03-83327E451C03} = {1F298FE1-453C-F6BF-5340-2BE62CA6E8BD}
		{CCF77327-2098-4710-7D10-3B6C852488EC} = {0AB3BF05-4346-4AA6-1389-037BE0695223}
		{15350F81-E5C1-4EFE-B06D-AC5A86968972} = {CCF77327-2098-4710-7D10-3B6C852488EC}
		{99037967-0D23-407C-AD07-58AA768488EB} = {CCF77327-2098-4710-7D10-3B6C852488EC}
		{E134C235-D229-4C0D-6747-D71D21D31FBE} = {827E0CD3-B72D-47B6-A68D-7590B98EB39B}
		{0D55CBC7-CC25-4F99-ACB1-C181141AA026} = {E134C235-D229-4C0D-6747-D71D21D31FBE}
		{45BE73D8-A922-BF65-E93E-EB66F4095ABC} = {827E0CD3-B72D-47B6-A68D-7590B98EB39B}
		{483A44C0-B554-4B82-B26A-7BFE9F1A8A17} = {45BE73D8-A922-BF65-E93E-EB66F4095ABC}
	EndGlobalSection
EndGlobal
